// !$*UTF8*$!
{
	archiveVersion = 1;
	classes = {
	};
	objectVersion = 46;
	objects = {

/* Begin PBXBuildFile section */
		65682F4A1C31542500BA8064 /* patio.png in Resources */ = {isa = PBXBuildFile; fileRef = 65682F491C31542500BA8064 /* patio.png */; };
		65AC30231C2EDECC00C38AAE /* AppDelegate.swift in Sources */ = {isa = PBXBuildFile; fileRef = 65AC30221C2EDECC00C38AAE /* AppDelegate.swift */; };
		65AC30251C2EDECC00C38AAE /* ViewController.swift in Sources */ = {isa = PBXBuildFile; fileRef = 65AC30241C2EDECC00C38AAE /* ViewController.swift */; };
		65AC30281C2EDECC00C38AAE /* Main.storyboard in Resources */ = {isa = PBXBuildFile; fileRef = 65AC30261C2EDECC00C38AAE /* Main.storyboard */; };
		65AC302A1C2EDECC00C38AAE /* Assets.xcassets in Resources */ = {isa = PBXBuildFile; fileRef = 65AC30291C2EDECC00C38AAE /* Assets.xcassets */; };
		65AC302D1C2EDECC00C38AAE /* LaunchScreen.storyboard in Resources */ = {isa = PBXBuildFile; fileRef = 65AC302B1C2EDECC00C38AAE /* LaunchScreen.storyboard */; };
/* End PBXBuildFile section */

/* Begin PBXFileReference section */
		65682F491C31542500BA8064 /* patio.png */ = {isa = PBXFileReference; lastKnownFileType = image.png; name = patio.png; path = ../../../../../Desktop/patio.png; sourceTree = "<group>"; };
		65AC301F1C2EDECC00C38AAE /* color.app */ = {isa = PBXFileReference; explicitFileType = wrapper.application; includeInIndex = 0; path = color.app; sourceTree = BUILT_PRODUCTS_DIR; };
		65AC30221C2EDECC00C38AAE /* AppDelegate.swift */ = {isa = PBXFileReference; lastKnownFileType = sourcecode.swift; path = AppDelegate.swift; sourceTree = "<group>"; };
		65AC30241C2EDECC00C38AAE /* ViewController.swift */ = {isa = PBXFileReference; lastKnownFileType = sourcecode.swift; path = ViewController.swift; sourceTree = "<group>"; };
		65AC30271C2EDECC00C38AAE /* Base */ = {isa = PBXFileReference; lastKnownFileType = file.storyboard; name = Base; path = Base.lproj/Main.storyboard; sourceTree = "<group>"; };
		65AC30291C2EDECC00C38AAE /* Assets.xcassets */ = {isa = PBXFileReference; lastKnownFileType = folder.assetcatalog; path = Assets.xcassets; sourceTree = "<group>"; };
		65AC302C1C2EDECC00C38AAE /* Base */ = {isa = PBXFileReference; lastKnownFileType = file.storyboard; name = Base; path = Base.lproj/LaunchScreen.storyboard; sourceTree = "<group>"; };
		65AC302E1C2EDECC00C38AAE /* Info.plist */ = {isa = PBXFileReference; lastKnownFileType = text.plist.xml; path = Info.plist; sourceTree = "<group>"; };
/* End PBXFileReference section */

/* Begin PBXFrameworksBuildPhase section */
		65AC301C1C2EDECC00C38AAE /* Frameworks */ = {
			isa = PBXFrameworksBuildPhase;
			buildActionMask = 2147483647;
			files = (
			);
			runOnlyForDeploymentPostprocessing = 0;
		};
/* End PBXFrameworksBuildPhase section */

/* Begin PBXGroup section */
		65AC30161C2EDECC00C38AAE = {
			isa = PBXGroup;
			children = (
				65AC30211C2EDECC00C38AAE /* color */,
				65AC30201C2EDECC00C38AAE /* Products */,
			);
			sourceTree = "<group>";
		};
		65AC30201C2EDECC00C38AAE /* Products */ = {
			isa = PBXGroup;
			children = (
				65AC301F1C2EDECC00C38AAE /* color.app */,
			);
			name = Products;
			sourceTree = "<group>";
		};
		65AC30211C2EDECC00C38AAE /* color */ = {
			isa = PBXGroup;
			children = (
				65AC30221C2EDECC00C38AAE /* AppDelegate.swift */,
				65AC30241C2EDECC00C38AAE /* ViewController.swift */,
				65AC30261C2EDECC00C38AAE /* Main.storyboard */,
				65AC30291C2EDECC00C38AAE /* Assets.xcassets */,
				65682F491C31542500BA8064 /* patio.png */,
				65AC302B1C2EDECC00C38AAE /* LaunchScreen.storyboard */,
				65AC302E1C2EDECC00C38AAE /* Info.plist */,
			);
			path = color;
			sourceTree = "<group>";
		};
/* End PBXGroup section */

/* Begin PBXNativeTarget section */
		65AC301E1C2EDECC00C38AAE /* color */ = {
			isa = PBXNativeTarget;
			buildConfigurationList = 65AC30311C2EDECC00C38AAE /* Build configuration list for PBXNativeTarget "color" */;
			buildPhases = (
				65AC301B1C2EDECC00C38AAE /* Sources */,
				65AC301C1C2EDECC00C38AAE /* Frameworks */,
				65AC301D1C2EDECC00C38AAE /* Resources */,
			);
			buildRules = (
			);
			dependencies = (
			);
			name = color;
			productName = color;
			productReference = 65AC301F1C2EDECC00C38AAE /* color.app */;
			productType = "com.apple.product-type.application";
		};
/* End PBXNativeTarget section */

/* Begin PBXProject section */
		65AC30171C2EDECC00C38AAE /* Project object */ = {
			isa = PBXProject;
			attributes = {
				LastSwiftUpdateCheck = 0720;
				LastUpgradeCheck = 0720;
				ORGANIZATIONNAME = "迫 佑樹";
				TargetAttributes = {
					65AC301E1C2EDECC00C38AAE = {
						CreatedOnToolsVersion = 7.2;
						DevelopmentTeam = 5M8P7CU8H5;
					};
				};
			};
			buildConfigurationList = 65AC301A1C2EDECC00C38AAE /* Build configuration list for PBXProject "color" */;
			compatibilityVersion = "Xcode 3.2";
			developmentRegion = English;
			hasScannedForEncodings = 0;
			knownRegions = (
				en,
				Base,
			);
			mainGroup = 65AC30161C2EDECC00C38AAE;
			productRefGroup = 65AC30201C2EDECC00C38AAE /* Products */;
			projectDirPath = "";
			projectRoot = "";
			targets = (
				65AC301E1C2EDECC00C38AAE /* color */,
			);
		};
/* End PBXProject section */

/* Begin PBXResourcesBuildPhase section */
		65AC301D1C2EDECC00C38AAE /* Resources */ = {
			isa = PBXResourcesBuildPhase;
			buildActionMask = 2147483647;
			files = (
				65682F4A1C31542500BA8064 /* patio.png in Resources */,
				65AC302D1C2EDECC00C38AAE /* LaunchScreen.storyboard in Resources */,
				65AC302A1C2EDECC00C38AAE /* Assets.xcassets in Resources */,
				65AC30281C2EDECC00C38AAE /* Main.storyboard in Resources */,
			);
			runOnlyForDeploymentPostprocessing = 0;
		};
/* End PBXResourcesBuildPhase section */

/* Begin PBXSourcesBuildPhase section */
		65AC301B1C2EDECC00C38AAE /* Sources */ = {
			isa = PBXSourcesBuildPhase;
			buildActionMask = 2147483647;
			files = (
				65AC30251C2EDECC00C38AAE /* ViewController.swift in Sources */,
				65AC30231C2EDECC00C38AAE /* AppDelegate.swift in Sources */,
			);
			runOnlyForDeploymentPostprocessing = 0;
		};
/* End PBXSourcesBuildPhase section */

/* Begin PBXVariantGroup section */
		65AC30261C2EDECC00C38AAE /* Main.storyboard */ = {
			isa = PBXVariantGroup;
			children = (
				65AC30271C2EDECC00C38AAE /* Base */,
			);
			name = Main.storyboard;
			sourceTree = "<group>";
		};
		65AC302B1C2EDECC00C38AAE /* LaunchScreen.storyboard */ = {
			isa = PBXVariantGroup;
			children = (
				65AC302C1C2EDECC00C38AAE /* Base */,
			);
			name = LaunchScreen.storyboard;
			sourceTree = "<group>";
		};
/* End PBXVariantGroup section */

/* Begin XCBuildConfiguration section */
		65AC302F1C2EDECC00C38AAE /* Debug */ = {
			isa = XCBuildConfiguration;
			buildSettings = {
				ALWAYS_SEARCH_USER_PATHS = NO;
				CLANG_CXX_LANGUAGE_STANDARD = "gnu++0x";
				CLANG_CXX_LIBRARY = "libc++";
				CLANG_ENABLE_MODULES = YES;
				CLANG_ENABLE_OBJC_ARC = YES;
				CLANG_WARN_BOOL_CONVERSION = YES;
				CLANG_WARN_CONSTANT_CONVERSION = YES;
				CLANG_WARN_DIRECT_OBJC_ISA_USAGE = YES_ERROR;
				CLANG_WARN_EMPTY_BODY = YES;
				CLANG_WARN_ENUM_CONVERSION = YES;
				CLANG_WARN_INT_CONVERSION = YES;
				CLANG_WARN_OBJC_ROOT_CLASS = YES_ERROR;
				CLANG_WARN_UNREACHABLE_CODE = YES;
				CLANG_WARN__DUPLICATE_METHOD_MATCH = YES;
				"CODE_SIGN_IDENTITY[sdk=iphoneos*]" = "iPhone Developer";
				COPY_PHASE_STRIP = NO;
				DEBUG_INFORMATION_FORMAT = dwarf;
				ENABLE_STRICT_OBJC_MSGSEND = YES;
				ENABLE_TESTABILITY = YES;
				GCC_C_LANGUAGE_STANDARD = gnu99;
				GCC_DYNAMIC_NO_PIC = NO;
				GCC_NO_COMMON_BLOCKS = YES;
				GCC_OPTIMIZATION_LEVEL = 0;
				GCC_PREPROCESSOR_DEFINITIONS = (
					"DEBUG=1",
					"$(inherited)",
				);
				GCC_WARN_64_TO_32_BIT_CONVERSION = YES;
				GCC_WARN_ABOUT_RETURN_TYPE = YES_ERROR;
				GCC_WARN_UNDECLARED_SELECTOR = YES;
				GCC_WARN_UNINITIALIZED_AUTOS = YES_AGGRESSIVE;
				GCC_WARN_UNUSED_FUNCTION = YES;
				GCC_WARN_UNUSED_VARIABLE = YES;
				IPHONEOS_DEPLOYMENT_TARGET = 9.2;
				MTL_ENABLE_DEBUG_INFO = YES;
				ONLY_ACTIVE_ARCH = YES;
				SDKROOT = iphoneos;
				SWIFT_OPTIMIZATION_LEVEL = "-Onone";
			};
			name = Debug;
		};
		65AC30301C2EDECC00C38AAE /* Release */ = {
			isa = XCBuildConfiguration;
			buildSettings = {
				ALWAYS_SEARCH_USER_PATHS = NO;
				CLANG_CXX_LANGUAGE_STANDARD = "gnu++0x";
				CLANG_CXX_LIBRARY = "libc++";
				CLANG_ENABLE_MODULES = YES;
				CLANG_ENABLE_OBJC_ARC = YES;
				CLANG_WARN_BOOL_CONVERSION = YES;
				CLANG_WARN_CONSTANT_CONVERSION = YES;
				CLANG_WARN_DIRECT_OBJC_ISA_USAGE = YES_ERROR;
				CLANG_WARN_EMPTY_BODY = YES;
				CLANG_WARN_ENUM_CONVERSION = YES;
				CLANG_WARN_INT_CONVERSION = YES;
				CLANG_WARN_OBJC_ROOT_CLASS = YES_ERROR;
				CLANG_WARN_UNREACHABLE_CODE = YES;
				CLANG_WARN__DUPLICATE_METHOD_MATCH = YES;
				"CODE_SIGN_IDENTITY[sdk=iphoneos*]" = "iPhone Developer";
				COPY_PHASE_STRIP = NO;
				DEBUG_INFORMATION_FORMAT = "dwarf-with-dsym";
				ENABLE_NS_ASSERTIONS = NO;
				ENABLE_STRICT_OBJC_MSGSEND = YES;
				GCC_C_LANGUAGE_STANDARD = gnu99;
				GCC_NO_COMMON_BLOCKS = YES;
				GCC_WARN_64_TO_32_BIT_CONVERSION = YES;
				GCC_WARN_ABOUT_RETURN_TYPE = YES_ERROR;
				GCC_WARN_UNDECLARED_SELECTOR = YES;
				GCC_WARN_UNINITIALIZED_AUTOS = YES_AGGRESSIVE;
				GCC_WARN_UNUSED_FUNCTION = YES;
				GCC_WARN_UNUSED_VARIABLE = YES;
				IPHONEOS_DEPLOYMENT_TARGET = 9.2;
				MTL_ENABLE_DEBUG_INFO = NO;
				SDKROOT = iphoneos;
				VALIDATE_PRODUCT = YES;
			};
			name = Release;
		};
		65AC30321C2EDECC00C38AAE /* Debug */ = {
			isa = XCBuildConfiguration;
			buildSettings = {
				ASSETCATALOG_COMPILER_APPICON_NAME = AppIcon;
				INFOPLIST_FILE = color/Info.plist;
				LD_RUNPATH_SEARCH_PATHS = "$(inherited) @executable_path/Frameworks";
				PRODUCT_BUNDLE_IDENTIFIER = io.github.yukisako.color;
				PRODUCT_NAME = "$(TARGET_NAME)";
			};
			name = Debug;
		};
		65AC30331C2EDECC00C38AAE /* Release */ = {
			isa = XCBuildConfiguration;
			buildSettings = {
				ASSETCATALOG_COMPILER_APPICON_NAME = AppIcon;
				INFOPLIST_FILE = color/Info.plist;
				LD_RUNPATH_SEARCH_PATHS = "$(inherited) @executable_path/Frameworks";
				PRODUCT_BUNDLE_IDENTIFIER = io.github.yukisako.color;
				PRODUCT_NAME = "$(TARGET_NAME)";
			};
			name = Release;
		};
/* End XCBuildConfiguration section */

/* Begin XCConfigurationList section */
		65AC301A1C2EDECC00C38AAE /* Build configuration list for PBXProject "color" */ = {
			isa = XCConfigurationList;
			buildConfigurations = (
				65AC302F1C2EDECC00C38AAE /* Debug */,
				65AC30301C2EDECC00C38AAE /* Release */,
			);
			defaultConfigurationIsVisible = 0;
			defaultConfigurationName = Release;
		};
		65AC30311C2EDECC00C38AAE /* Build configuration list for PBXNativeTarget "color" */ = {
			isa = XCConfigurationList;
			buildConfigurations = (
				65AC30321C2EDECC00C38AAE /* Debug */,
				65AC30331C2EDECC00C38AAE /* Release */,
			);
			defaultConfigurationIsVisible = 0;
			defaultConfigurationName = Release;
		};
/* End XCConfigurationList section */
	};
	rootObject = 65AC30171C2EDECC00C38AAE /* Project object */;
}
